// !$*UTF8*$!
{
	archiveVersion = 1;
	classes = {
	};
	objectVersion = 60;
	objects = {

/* Begin PBXBuildFile section */
		29FE8E5003474718EF7283AD /* MashupManager.swift in Sources */ = {isa = PBXBuildFile; fileRef = 7E3CCD35821104377F39B2A1 /* MashupManager.swift */; };
		503BE0768720C8B803FCF326 /* enhanced-track-database.json in Resources */ = {isa = PBXBuildFile; fileRef = 6FB914C4BB85E655B27FF561 /* enhanced-track-database.json */; };
		B1000001201D00000001 /* NotoriousDADApp.swift in Sources */ = {isa = PBXBuildFile; fileRef = B1000002201D00000001 /* NotoriousDADApp.swift */; };
		B1000001201D00000002 /* ContentView.swift in Sources */ = {isa = PBXBuildFile; fileRef = B1000002201D00000002 /* ContentView.swift */; };
		B1000001201D00000003 /* SpotifyManager.swift in Sources */ = {isa = PBXBuildFile; fileRef = B1000002201D00000003 /* SpotifyManager.swift */; };
		B1000001201D00000004 /* LibraryManager.swift in Sources */ = {isa = PBXBuildFile; fileRef = B1000002201D00000004 /* LibraryManager.swift */; };
		B1000001201D00000005 /* NotificationManager.swift in Sources */ = {isa = PBXBuildFile; fileRef = B1000002201D00000005NM /* NotificationManager.swift */; };
		B1000001201D00000006 /* AudioPlayerManager.swift in Sources */ = {isa = PBXBuildFile; fileRef = B1000002201D00000006 /* AudioPlayerManager.swift */; };
		B1000001201D00000007 /* Assets.xcassets in Resources */ = {isa = PBXBuildFile; fileRef = B1000002201D00000007 /* Assets.xcassets */; };
		B1000001201D00000008 /* SpotifyPlaybackManager.swift in Sources */ = {isa = PBXBuildFile; fileRef = B1000002201D00000008 /* SpotifyPlaybackManager.swift */; };
		B1000001201D00000010 /* NotoriousDADKit in Frameworks */ = {isa = PBXBuildFile; productRef = B1000003201D00000010 /* NotoriousDADKit */; };
		B1000001201D00000011 /* SpotifyAPI in Frameworks */ = {isa = PBXBuildFile; productRef = B1000003201D00000011 /* SpotifyAPI */; };
		B1000001201D00000020 /* matched-tracks.json in Resources */ = {isa = PBXBuildFile; fileRef = B1000002201D00000020 /* matched-tracks.json */; };
		B1000001201D00000022 /* spotify-tokens.json in Resources */ = {isa = PBXBuildFile; fileRef = B1000002201D00000022 /* spotify-tokens.json */; };
/* End PBXBuildFile section */

/* Begin PBXFileReference section */
		6FB914C4BB85E655B27FF561 /* enhanced-track-database.json */ = {isa = PBXFileReference; includeInIndex = 1; path = "enhanced-track-database.json"; sourceTree = "<group>"; };
		7E3CCD35821104377F39B2A1 /* MashupManager.swift */ = {isa = PBXFileReference; includeInIndex = 1; lastKnownFileType = sourcecode.swift; path = MashupManager.swift; sourceTree = "<group>"; };
		B1000002201D00000001 /* NotoriousDADApp.swift */ = {isa = PBXFileReference; lastKnownFileType = sourcecode.swift; path = NotoriousDADApp.swift; sourceTree = "<group>"; };
		B1000002201D00000002 /* ContentView.swift */ = {isa = PBXFileReference; lastKnownFileType = sourcecode.swift; path = ContentView.swift; sourceTree = "<group>"; };
		B1000002201D00000003 /* SpotifyManager.swift */ = {isa = PBXFileReference; lastKnownFileType = sourcecode.swift; path = SpotifyManager.swift; sourceTree = "<group>"; };
		B1000002201D00000004 /* LibraryManager.swift */ = {isa = PBXFileReference; lastKnownFileType = sourcecode.swift; path = LibraryManager.swift; sourceTree = "<group>"; };
		B1000002201D00000005 /* Info.plist */ = {isa = PBXFileReference; lastKnownFileType = text.plist.xml; path = Info.plist; sourceTree = "<group>"; };
		B1000002201D00000005NM /* NotificationManager.swift */ = {isa = PBXFileReference; lastKnownFileType = sourcecode.swift; path = NotificationManager.swift; sourceTree = "<group>"; };
		B1000002201D00000006 /* AudioPlayerManager.swift */ = {isa = PBXFileReference; lastKnownFileType = sourcecode.swift; path = AudioPlayerManager.swift; sourceTree = "<group>"; };
		B1000002201D00000007 /* Assets.xcassets */ = {isa = PBXFileReference; lastKnownFileType = folder.assetcatalog; path = Assets.xcassets; sourceTree = "<group>"; };
		B1000002201D00000008 /* SpotifyPlaybackManager.swift */ = {isa = PBXFileReference; lastKnownFileType = sourcecode.swift; path = SpotifyPlaybackManager.swift; sourceTree = "<group>"; };
		B1000002201D00000020 /* matched-tracks.json */ = {isa = PBXFileReference; lastKnownFileType = text.json; path = "matched-tracks.json"; sourceTree = "<group>"; };
		B1000002201D00000022 /* spotify-tokens.json */ = {isa = PBXFileReference; lastKnownFileType = text.json; path = "spotify-tokens.json"; sourceTree = "<group>"; };
		B1000002201D00000099 /* NotoriousDAD.app */ = {isa = PBXFileReference; explicitFileType = wrapper.application; includeInIndex = 0; path = NotoriousDAD.app; sourceTree = BUILT_PRODUCTS_DIR; };
/* End PBXFileReference section */

/* Begin PBXFrameworksBuildPhase section */
		B1000004201D00000001 /* Frameworks */ = {
			isa = PBXFrameworksBuildPhase;
			buildActionMask = 2147483647;
			files = (
				B1000001201D00000010 /* NotoriousDADKit in Frameworks */,
				B1000001201D00000011 /* SpotifyAPI in Frameworks */,
			);
			runOnlyForDeploymentPostprocessing = 0;
		};
/* End PBXFrameworksBuildPhase section */

/* Begin PBXGroup section */
		B1000005201D00000001 = {
			isa = PBXGroup;
			children = (
				B1000005201D00000002 /* NotoriousDAD */,
				B1000005201D00000099 /* Products */,
			);
			sourceTree = "<group>";
		};
		B1000005201D00000002 /* NotoriousDAD */ = {
			isa = PBXGroup;
			children = (
				B1000002201D00000001 /* NotoriousDADApp.swift */,
				B1000005201D00000003 /* Views */,
				B1000005201D00000004 /* Services */,
				B1000005201D00000005 /* Resources */,
				B1000002201D00000007 /* Assets.xcassets */,
				B1000002201D00000005 /* Info.plist */,
			);
			path = NotoriousDAD;
			sourceTree = "<group>";
		};
		B1000005201D00000003 /* Views */ = {
			isa = PBXGroup;
			children = (
				B1000002201D00000002 /* ContentView.swift */,
			);
			path = Views;
			sourceTree = "<group>";
		};
		B1000005201D00000004 /* Services */ = {
			isa = PBXGroup;
			children = (
				B1000002201D00000003 /* SpotifyManager.swift */,
				B1000002201D00000008 /* SpotifyPlaybackManager.swift */,
				B1000002201D00000004 /* LibraryManager.swift */,
				B1000002201D00000005NM /* NotificationManager.swift */,
				B1000002201D00000006 /* AudioPlayerManager.swift */,
				7E3CCD35821104377F39B2A1 /* MashupManager.swift */,
			);
			path = Services;
			sourceTree = "<group>";
		};
		B1000005201D00000005 /* Resources */ = {
			isa = PBXGroup;
			children = (
				B1000002201D00000020 /* matched-tracks.json */,
				B1000002201D00000022 /* spotify-tokens.json */,
				6FB914C4BB85E655B27FF561 /* enhanced-track-database.json */,
			);
			path = Resources;
			sourceTree = "<group>";
		};
		B1000005201D00000099 /* Products */ = {
			isa = PBXGroup;
			children = (
				B1000002201D00000099 /* NotoriousDAD.app */,
			);
			name = Products;
			sourceTree = "<group>";
		};
/* End PBXGroup section */

/* Begin PBXNativeTarget section */
		B1000006201D00000001 /* NotoriousDAD */ = {
			isa = PBXNativeTarget;
			buildConfigurationList = B1000008201D00000001 /* Build configuration list for PBXNativeTarget "NotoriousDAD" */;
			buildPhases = (
				B1000004201D00000002 /* Sources */,
				B1000004201D00000001 /* Frameworks */,
				B1000004201D00000003 /* Resources */,
			);
			buildRules = (
			);
			dependencies = (
			);
			name = NotoriousDAD;
			packageProductDependencies = (
				B1000003201D00000010 /* NotoriousDADKit */,
				B1000003201D00000011 /* SpotifyAPI */,
			);
			productName = NotoriousDAD;
			productReference = B1000002201D00000099 /* NotoriousDAD.app */;
			productType = "com.apple.product-type.application";
		};
/* End PBXNativeTarget section */

/* Begin PBXProject section */
		B1000007201D00000001 /* Project object */ = {
			isa = PBXProject;
			attributes = {
				BuildIndependentTargetsInParallel = 1;
				LastSwiftUpdateCheck = 1500;
				LastUpgradeCheck = 2620;
				TargetAttributes = {
					B1000006201D00000001 = {
						CreatedOnToolsVersion = 15.0;
					};
				};
			};
			buildConfigurationList = B1000008201D00000002 /* Build configuration list for PBXProject "NotoriousDAD" */;
			compatibilityVersion = "Xcode 14.0";
			developmentRegion = en;
			hasScannedForEncodings = 0;
			knownRegions = (
				en,
				Base,
			);
			mainGroup = B1000005201D00000001;
			packageReferences = (
				B1000009201D00000001 /* XCRemoteSwiftPackageReference "SpotifyAPI" */,
				B1000009201D00000002 /* XCLocalSwiftPackageReference "NotoriousDADKit" */,
			);
			productRefGroup = B1000005201D00000099 /* Products */;
			projectDirPath = "";
			projectRoot = "";
			targets = (
				B1000006201D00000001 /* NotoriousDAD */,
			);
		};
/* End PBXProject section */

/* Begin PBXResourcesBuildPhase section */
		B1000004201D00000003 /* Resources */ = {
			isa = PBXResourcesBuildPhase;
			buildActionMask = 2147483647;
			files = (
				B1000001201D00000007 /* Assets.xcassets in Resources */,
				B1000001201D00000020 /* matched-tracks.json in Resources */,
				B1000001201D00000022 /* spotify-tokens.json in Resources */,
				503BE0768720C8B803FCF326 /* enhanced-track-database.json in Resources */,
			);
			runOnlyForDeploymentPostprocessing = 0;
		};
/* End PBXResourcesBuildPhase section */

/* Begin PBXSourcesBuildPhase section */
		B1000004201D00000002 /* Sources */ = {
			isa = PBXSourcesBuildPhase;
			buildActionMask = 2147483647;
			files = (
				B1000001201D00000001 /* NotoriousDADApp.swift in Sources */,
				B1000001201D00000002 /* ContentView.swift in Sources */,
				B1000001201D00000003 /* SpotifyManager.swift in Sources */,
				B1000001201D00000008 /* SpotifyPlaybackManager.swift in Sources */,
				B1000001201D00000004 /* LibraryManager.swift in Sources */,
				B1000001201D00000005 /* NotificationManager.swift in Sources */,
				B1000001201D00000006 /* AudioPlayerManager.swift in Sources */,
				29FE8E5003474718EF7283AD /* MashupManager.swift in Sources */,
			);
			runOnlyForDeploymentPostprocessing = 0;
		};
/* End PBXSourcesBuildPhase section */

/* Begin XCBuildConfiguration section */
		B100000A201D00000001 /* Debug */ = {
			isa = XCBuildConfiguration;
			buildSettings = {
				ALWAYS_SEARCH_USER_PATHS = NO;
				ASSETCATALOG_COMPILER_GENERATE_SWIFT_ASSET_SYMBOL_EXTENSIONS = YES;
				CLANG_ANALYZER_NONNULL = YES;
				CLANG_ANALYZER_NUMBER_OBJECT_CONVERSION = YES_AGGRESSIVE;
				CLANG_CXX_LANGUAGE_STANDARD = "gnu++20";
				CLANG_ENABLE_MODULES = YES;
				CLANG_ENABLE_OBJC_ARC = YES;
				CLANG_ENABLE_OBJC_WEAK = YES;
				CLANG_WARN_BLOCK_CAPTURE_AUTORELEASING = YES;
				CLANG_WARN_BOOL_CONVERSION = YES;
				CLANG_WARN_COMMA = YES;
				CLANG_WARN_CONSTANT_CONVERSION = YES;
				CLANG_WARN_DEPRECATED_OBJC_IMPLEMENTATIONS = YES;
				CLANG_WARN_DIRECT_OBJC_ISA_USAGE = YES_ERROR;
				CLANG_WARN_DOCUMENTATION_COMMENTS = YES;
				CLANG_WARN_EMPTY_BODY = YES;
				CLANG_WARN_ENUM_CONVERSION = YES;
				CLANG_WARN_INFINITE_RECURSION = YES;
				CLANG_WARN_INT_CONVERSION = YES;
				CLANG_WARN_NON_LITERAL_NULL_CONVERSION = YES;
				CLANG_WARN_OBJC_IMPLICIT_RETAIN_SELF = YES;
				CLANG_WARN_OBJC_LITERAL_CONVERSION = YES;
				CLANG_WARN_OBJC_ROOT_CLASS = YES_ERROR;
				CLANG_WARN_QUOTED_INCLUDE_IN_FRAMEWORK_HEADER = YES;
				CLANG_WARN_RANGE_LOOP_ANALYSIS = YES;
				CLANG_WARN_STRICT_PROTOTYPES = YES;
				CLANG_WARN_SUSPICIOUS_MOVE = YES;
				CLANG_WARN_UNGUARDED_AVAILABILITY = YES_AGGRESSIVE;
				CLANG_WARN_UNREACHABLE_CODE = YES;
				CLANG_WARN__DUPLICATE_METHOD_MATCH = YES;
				COPY_PHASE_STRIP = NO;
				DEBUG_INFORMATION_FORMAT = dwarf;
				DEVELOPMENT_TEAM = 89NX9R78Y7;
				ENABLE_STRICT_OBJC_MSGSEND = YES;
				ENABLE_TESTABILITY = YES;
				ENABLE_USER_SCRIPT_SANDBOXING = YES;
				GCC_C_LANGUAGE_STANDARD = gnu17;
				GCC_DYNAMIC_NO_PIC = NO;
				GCC_NO_COMMON_BLOCKS = YES;
				GCC_OPTIMIZATION_LEVEL = 0;
				GCC_PREPROCESSOR_DEFINITIONS = (
					"DEBUG=1",
					"$(inherited)",
				);
				GCC_WARN_64_TO_32_BIT_CONVERSION = YES;
				GCC_WARN_ABOUT_RETURN_TYPE = YES_ERROR;
				GCC_WARN_UNDECLARED_SELECTOR = YES;
				GCC_WARN_UNINITIALIZED_AUTOS = YES_AGGRESSIVE;
				GCC_WARN_UNUSED_FUNCTION = YES;
				GCC_WARN_UNUSED_VARIABLE = YES;
				IPHONEOS_DEPLOYMENT_TARGET = 17.0;
				LOCALIZATION_PREFERS_STRING_CATALOGS = YES;
				MTL_ENABLE_DEBUG_INFO = INCLUDE_SOURCE;
				MTL_FAST_MATH = YES;
				ONLY_ACTIVE_ARCH = YES;
				SDKROOT = iphoneos;
				STRING_CATALOG_GENERATE_SYMBOLS = YES;
				SWIFT_ACTIVE_COMPILATION_CONDITIONS = "DEBUG $(inherited)";
				SWIFT_OPTIMIZATION_LEVEL = "-Onone";
			};
			name = Debug;
		};
		B100000A201D00000002 /* Release */ = {
			isa = XCBuildConfiguration;
			buildSettings = {
				ALWAYS_SEARCH_USER_PATHS = NO;
				ASSETCATALOG_COMPILER_GENERATE_SWIFT_ASSET_SYMBOL_EXTENSIONS = YES;
				CLANG_ANALYZER_NONNULL = YES;
				CLANG_ANALYZER_NUMBER_OBJECT_CONVERSION = YES_AGGRESSIVE;
				CLANG_CXX_LANGUAGE_STANDARD = "gnu++20";
				CLANG_ENABLE_MODULES = YES;
				CLANG_ENABLE_OBJC_ARC = YES;
				CLANG_ENABLE_OBJC_WEAK = YES;
				CLANG_WARN_BLOCK_CAPTURE_AUTORELEASING = YES;
				CLANG_WARN_BOOL_CONVERSION = YES;
				CLANG_WARN_COMMA = YES;
				CLANG_WARN_CONSTANT_CONVERSION = YES;
				CLANG_WARN_DEPRECATED_OBJC_IMPLEMENTATIONS = YES;
				CLANG_WARN_DIRECT_OBJC_ISA_USAGE = YES_ERROR;
				CLANG_WARN_DOCUMENTATION_COMMENTS = YES;
				CLANG_WARN_EMPTY_BODY = YES;
				CLANG_WARN_ENUM_CONVERSION = YES;
				CLANG_WARN_INFINITE_RECURSION = YES;
				CLANG_WARN_INT_CONVERSION = YES;
				CLANG_WARN_NON_LITERAL_NULL_CONVERSION = YES;
				CLANG_WARN_OBJC_IMPLICIT_RETAIN_SELF = YES;
				CLANG_WARN_OBJC_LITERAL_CONVERSION = YES;
				CLANG_WARN_OBJC_ROOT_CLASS = YES_ERROR;
				CLANG_WARN_QUOTED_INCLUDE_IN_FRAMEWORK_HEADER = YES;
				CLANG_WARN_RANGE_LOOP_ANALYSIS = YES;
				CLANG_WARN_STRICT_PROTOTYPES = YES;
				CLANG_WARN_SUSPICIOUS_MOVE = YES;
				CLANG_WARN_UNGUARDED_AVAILABILITY = YES_AGGRESSIVE;
				CLANG_WARN_UNREACHABLE_CODE = YES;
				CLANG_WARN__DUPLICATE_METHOD_MATCH = YES;
				COPY_PHASE_STRIP = NO;
				DEBUG_INFORMATION_FORMAT = "dwarf-with-dsym";
				DEVELOPMENT_TEAM = 89NX9R78Y7;
				ENABLE_NS_ASSERTIONS = NO;
				ENABLE_STRICT_OBJC_MSGSEND = YES;
				ENABLE_USER_SCRIPT_SANDBOXING = YES;
				GCC_C_LANGUAGE_STANDARD = gnu17;
				GCC_NO_COMMON_BLOCKS = YES;
				GCC_WARN_64_TO_32_BIT_CONVERSION = YES;
				GCC_WARN_ABOUT_RETURN_TYPE = YES_ERROR;
				GCC_WARN_UNDECLARED_SELECTOR = YES;
				GCC_WARN_UNINITIALIZED_AUTOS = YES_AGGRESSIVE;
				GCC_WARN_UNUSED_FUNCTION = YES;
				GCC_WARN_UNUSED_VARIABLE = YES;
				IPHONEOS_DEPLOYMENT_TARGET = 17.0;
				LOCALIZATION_PREFERS_STRING_CATALOGS = YES;
				MTL_ENABLE_DEBUG_INFO = NO;
				MTL_FAST_MATH = YES;
				SDKROOT = iphoneos;
				STRING_CATALOG_GENERATE_SYMBOLS = YES;
				SWIFT_COMPILATION_MODE = wholemodule;
				VALIDATE_PRODUCT = YES;
			};
			name = Release;
		};
		B100000B201D00000001 /* Debug */ = {
			isa = XCBuildConfiguration;
			buildSettings = {
				ASSETCATALOG_COMPILER_APPICON_NAME = AppIcon;
				ASSETCATALOG_COMPILER_GLOBAL_ACCENT_COLOR_NAME = AccentColor;
				CODE_SIGN_STYLE = Automatic;
				CURRENT_PROJECT_VERSION = 16;
				GENERATE_INFOPLIST_FILE = YES;
				INFOPLIST_FILE = NotoriousDAD/Info.plist;
				INFOPLIST_KEY_CFBundleDisplayName = "Notorious DAD";
				INFOPLIST_KEY_UIApplicationSceneManifest_Generation = YES;
				INFOPLIST_KEY_UIApplicationSupportsIndirectInputEvents = YES;
				INFOPLIST_KEY_UILaunchScreen_Generation = YES;
				INFOPLIST_KEY_UISupportedInterfaceOrientations_iPad = "UIInterfaceOrientationPortrait UIInterfaceOrientationPortraitUpsideDown UIInterfaceOrientationLandscapeLeft UIInterfaceOrientationLandscapeRight";
				INFOPLIST_KEY_UISupportedInterfaceOrientations_iPhone = "UIInterfaceOrientationPortrait UIInterfaceOrientationLandscapeLeft UIInterfaceOrientationLandscapeRight";
				LD_RUNPATH_SEARCH_PATHS = (
					"$(inherited)",
					"@executable_path/Frameworks",
				);
				MARKETING_VERSION = 2.2.0;
				PRODUCT_BUNDLE_IDENTIFIER = com.notoriousdad.ios;
				PRODUCT_NAME = "$(TARGET_NAME)";
				SWIFT_EMIT_LOC_STRINGS = YES;
				SWIFT_VERSION = 5.0;
				TARGETED_DEVICE_FAMILY = "1,2";
			};
			name = Debug;
		};
		B100000B201D00000002 /* Release */ = {
			isa = XCBuildConfiguration;
			buildSettings = {
				ASSETCATALOG_COMPILER_APPICON_NAME = AppIcon;
				ASSETCATALOG_COMPILER_GLOBAL_ACCENT_COLOR_NAME = AccentColor;
				CODE_SIGN_STYLE = Automatic;
				CURRENT_PROJECT_VERSION = 16;
				GENERATE_INFOPLIST_FILE = YES;
				INFOPLIST_FILE = NotoriousDAD/Info.plist;
				INFOPLIST_KEY_CFBundleDisplayName = "Notorious DAD";
				INFOPLIST_KEY_UIApplicationSceneManifest_Generation = YES;
				INFOPLIST_KEY_UIApplicationSupportsIndirectInputEvents = YES;
				INFOPLIST_KEY_UILaunchScreen_Generation = YES;
				INFOPLIST_KEY_UISupportedInterfaceOrientations_iPad = "UIInterfaceOrientationPortrait UIInterfaceOrientationPortraitUpsideDown UIInterfaceOrientationLandscapeLeft UIInterfaceOrientationLandscapeRight";
				INFOPLIST_KEY_UISupportedInterfaceOrientations_iPhone = "UIInterfaceOrientationPortrait UIInterfaceOrientationLandscapeLeft UIInterfaceOrientationLandscapeRight";
				LD_RUNPATH_SEARCH_PATHS = (
					"$(inherited)",
					"@executable_path/Frameworks",
				);
				MARKETING_VERSION = 2.2.0;
				PRODUCT_BUNDLE_IDENTIFIER = com.notoriousdad.ios;
				PRODUCT_NAME = "$(TARGET_NAME)";
				SWIFT_EMIT_LOC_STRINGS = YES;
				SWIFT_VERSION = 5.0;
				TARGETED_DEVICE_FAMILY = "1,2";
			};
			name = Release;
		};
/* End XCBuildConfiguration section */

/* Begin XCConfigurationList section */
		B1000008201D00000001 /* Build configuration list for PBXNativeTarget "NotoriousDAD" */ = {
			isa = XCConfigurationList;
			buildConfigurations = (
				B100000B201D00000001 /* Debug */,
				B100000B201D00000002 /* Release */,
			);
			defaultConfigurationIsVisible = 0;
			defaultConfigurationName = Release;
		};
		B1000008201D00000002 /* Build configuration list for PBXProject "NotoriousDAD" */ = {
			isa = XCConfigurationList;
			buildConfigurations = (
				B100000A201D00000001 /* Debug */,
				B100000A201D00000002 /* Release */,
			);
			defaultConfigurationIsVisible = 0;
			defaultConfigurationName = Release;
		};
/* End XCConfigurationList section */

/* Begin XCLocalSwiftPackageReference section */
		B1000009201D00000002 /* XCLocalSwiftPackageReference "NotoriousDADKit" */ = {
			isa = XCLocalSwiftPackageReference;
			relativePath = ../NotoriousDADKit;
		};
/* End XCLocalSwiftPackageReference section */

/* Begin XCRemoteSwiftPackageReference section */
		B1000009201D00000001 /* XCRemoteSwiftPackageReference "SpotifyAPI" */ = {
			isa = XCRemoteSwiftPackageReference;
			repositoryURL = "https://github.com/Peter-Schorn/SpotifyAPI.git";
			requirement = {
				kind = upToNextMajorVersion;
				minimumVersion = 3.0.0;
			};
		};
/* End XCRemoteSwiftPackageReference section */

/* Begin XCSwiftPackageProductDependency section */
		B1000003201D00000010 /* NotoriousDADKit */ = {
			isa = XCSwiftPackageProductDependency;
			productName = NotoriousDADKit;
		};
		B1000003201D00000011 /* SpotifyAPI */ = {
			isa = XCSwiftPackageProductDependency;
			package = B1000009201D00000001 /* XCRemoteSwiftPackageReference "SpotifyAPI" */;
			productName = SpotifyAPI;
		};
/* End XCSwiftPackageProductDependency section */
	};
	rootObject = B1000007201D00000001 /* Project object */;
}
