{
  "originHash" : "da82511d319e1aa0dee707aa8f63521e114807574761f9de2ca9ca10aa544c7c",
  "pins" : [
    {
      "identity" : "opencombine",
      "kind" : "remoteSourceControl",
      "location" : "https://github.com/OpenCombine/OpenCombine.git",
      "state" : {
        "revision" : "8576f0d579b27020beccbccc3ea6844f3ddfc2c2",
        "version" : "0.14.0"
      }
    },
    {
      "identity" : "regularexpressions",
      "kind" : "remoteSourceControl",
      "location" : "https://github.com/Peter-Schorn/RegularExpressions.git",
      "state" : {
        "revision" : "b27140d0bd3a9a1e61f2324f644219be98eb3311",
        "version" : "2.2.0"
      }
    },
    {
      "identity" : "spotifyapi",
      "kind" : "remoteSourceControl",
      "location" : "https://github.com/Peter-Schorn/SpotifyAPI.git",
      "state" : {
        "revision" : "9f364b62490213c5c93e4f282f3450d043e3d703",
        "version" : "3.0.4"
      }
    },
    {
      "identity" : "swift-crypto",
      "kind" : "remoteSourceControl",
      "location" : "https://github.com/apple/swift-crypto.git",
      "state" : {
        "revision" : "ddb07e896a2a8af79512543b1c7eb9797f8898a5",
        "version" : "1.1.7"
      }
    },
    {
      "identity" : "swift-log",
      "kind" : "remoteSourceControl",
      "location" : "https://github.com/apple/swift-log.git",
      "state" : {
        "revision" : "2778fd4e5a12a8aaa30a3ee8285f4ce54c5f3181",
        "version" : "1.9.1"
      }
    }
  ],
  "version" : 3
}
